// !$*UTF8*$!
{
	archiveVersion = 1;
	classes = {
	};
	objectVersion = 46;
	objects = {

/* Begin PBXBuildFile section */
		7B19810C1E96C05F0037C6BA /* AppDelegate.swift in Sources */ = {isa = PBXBuildFile; fileRef = 7B19810B1E96C05F0037C6BA /* AppDelegate.swift */; };
		7B19810E1E96C05F0037C6BA /* MainVC.swift in Sources */ = {isa = PBXBuildFile; fileRef = 7B19810D1E96C05F0037C6BA /* MainVC.swift */; };
		7B1981111E96C05F0037C6BA /* Main.storyboard in Resources */ = {isa = PBXBuildFile; fileRef = 7B19810F1E96C05F0037C6BA /* Main.storyboard */; };
		7B1981141E96C05F0037C6BA /* DreamLister.xcdatamodeld in Sources */ = {isa = PBXBuildFile; fileRef = 7B1981121E96C05F0037C6BA /* DreamLister.xcdatamodeld */; };
		7B1981161E96C05F0037C6BA /* Assets.xcassets in Resources */ = {isa = PBXBuildFile; fileRef = 7B1981151E96C05F0037C6BA /* Assets.xcassets */; };
		7B1981191E96C05F0037C6BA /* LaunchScreen.storyboard in Resources */ = {isa = PBXBuildFile; fileRef = 7B1981171E96C05F0037C6BA /* LaunchScreen.storyboard */; };
		7B1981361E96D7930037C6BA /* MaterialView.swift in Sources */ = {isa = PBXBuildFile; fileRef = 7B1981351E96D7930037C6BA /* MaterialView.swift */; };
		7B1981381E96DB4C0037C6BA /* ItemCell.swift in Sources */ = {isa = PBXBuildFile; fileRef = 7B1981371E96DB4C0037C6BA /* ItemCell.swift */; };
		7B67A5ED1EABB358009ED0A2 /* ItemDetailsVC.swift in Sources */ = {isa = PBXBuildFile; fileRef = 7B67A5EC1EABB358009ED0A2 /* ItemDetailsVC.swift */; };
		7B67A5EF1EABC959009ED0A2 /* CustomTextField.swift in Sources */ = {isa = PBXBuildFile; fileRef = 7B67A5EE1EABC959009ED0A2 /* CustomTextField.swift */; };
/* End PBXBuildFile section */

/* Begin PBXFileReference section */
		7B1981081E96C05E0037C6BA /* DreamLister.app */ = {isa = PBXFileReference; explicitFileType = wrapper.application; includeInIndex = 0; path = DreamLister.app; sourceTree = BUILT_PRODUCTS_DIR; };
		7B19810B1E96C05F0037C6BA /* AppDelegate.swift */ = {isa = PBXFileReference; lastKnownFileType = sourcecode.swift; path = AppDelegate.swift; sourceTree = "<group>"; };
		7B19810D1E96C05F0037C6BA /* MainVC.swift */ = {isa = PBXFileReference; lastKnownFileType = sourcecode.swift; path = MainVC.swift; sourceTree = "<group>"; };
		7B1981101E96C05F0037C6BA /* Base */ = {isa = PBXFileReference; lastKnownFileType = file.storyboard; name = Base; path = Base.lproj/Main.storyboard; sourceTree = "<group>"; };
		7B1981131E96C05F0037C6BA /* DreamLister.xcdatamodel */ = {isa = PBXFileReference; lastKnownFileType = wrapper.xcdatamodel; path = DreamLister.xcdatamodel; sourceTree = "<group>"; };
		7B1981151E96C05F0037C6BA /* Assets.xcassets */ = {isa = PBXFileReference; lastKnownFileType = folder.assetcatalog; path = Assets.xcassets; sourceTree = "<group>"; };
		7B1981181E96C05F0037C6BA /* Base */ = {isa = PBXFileReference; lastKnownFileType = file.storyboard; name = Base; path = Base.lproj/LaunchScreen.storyboard; sourceTree = "<group>"; };
		7B19811A1E96C05F0037C6BA /* Info.plist */ = {isa = PBXFileReference; lastKnownFileType = text.plist.xml; path = Info.plist; sourceTree = "<group>"; };
		7B1981351E96D7930037C6BA /* MaterialView.swift */ = {isa = PBXFileReference; fileEncoding = 4; lastKnownFileType = sourcecode.swift; path = MaterialView.swift; sourceTree = "<group>"; };
		7B1981371E96DB4C0037C6BA /* ItemCell.swift */ = {isa = PBXFileReference; fileEncoding = 4; lastKnownFileType = sourcecode.swift; path = ItemCell.swift; sourceTree = "<group>"; };
		7B67A5EC1EABB358009ED0A2 /* ItemDetailsVC.swift */ = {isa = PBXFileReference; fileEncoding = 4; lastKnownFileType = sourcecode.swift; path = ItemDetailsVC.swift; sourceTree = "<group>"; };
		7B67A5EE1EABC959009ED0A2 /* CustomTextField.swift */ = {isa = PBXFileReference; fileEncoding = 4; lastKnownFileType = sourcecode.swift; path = CustomTextField.swift; sourceTree = "<group>"; };
/* End PBXFileReference section */

/* Begin PBXFrameworksBuildPhase section */
		7B1981051E96C05E0037C6BA /* Frameworks */ = {
			isa = PBXFrameworksBuildPhase;
			buildActionMask = 2147483647;
			files = (
			);
			runOnlyForDeploymentPostprocessing = 0;
		};
/* End PBXFrameworksBuildPhase section */

/* Begin PBXGroup section */
		7B1980FF1E96C05E0037C6BA = {
			isa = PBXGroup;
			children = (
				7B19810A1E96C05E0037C6BA /* DreamLister */,
				7B1981091E96C05E0037C6BA /* Products */,
			);
			sourceTree = "<group>";
		};
		7B1981091E96C05E0037C6BA /* Products */ = {
			isa = PBXGroup;
			children = (
				7B1981081E96C05E0037C6BA /* DreamLister.app */,
			);
			name = Products;
			sourceTree = "<group>";
		};
		7B19810A1E96C05E0037C6BA /* DreamLister */ = {
			isa = PBXGroup;
			children = (
				7B1981341E96D6EF0037C6BA /* Controller */,
				7B1981331E96D6E80037C6BA /* Model */,
				7B1981321E96D6E20037C6BA /* View */,
				7B19810B1E96C05F0037C6BA /* AppDelegate.swift */,
				7B19810F1E96C05F0037C6BA /* Main.storyboard */,
				7B1981151E96C05F0037C6BA /* Assets.xcassets */,
				7B1981171E96C05F0037C6BA /* LaunchScreen.storyboard */,
				7B19811A1E96C05F0037C6BA /* Info.plist */,
				7B1981121E96C05F0037C6BA /* DreamLister.xcdatamodeld */,
			);
			path = DreamLister;
			sourceTree = "<group>";
		};
		7B1981321E96D6E20037C6BA /* View */ = {
			isa = PBXGroup;
			children = (
				7B1981351E96D7930037C6BA /* MaterialView.swift */,
				7B1981371E96DB4C0037C6BA /* ItemCell.swift */,
				7B67A5EE1EABC959009ED0A2 /* CustomTextField.swift */,
			);
			name = View;
			sourceTree = "<group>";
		};
		7B1981331E96D6E80037C6BA /* Model */ = {
			isa = PBXGroup;
			children = (
			);
			name = Model;
			sourceTree = "<group>";
		};
		7B1981341E96D6EF0037C6BA /* Controller */ = {
			isa = PBXGroup;
			children = (
				7B19810D1E96C05F0037C6BA /* MainVC.swift */,
				7B67A5EC1EABB358009ED0A2 /* ItemDetailsVC.swift */,
			);
			name = Controller;
			sourceTree = "<group>";
		};
/* End PBXGroup section */

/* Begin PBXNativeTarget section */
		7B1981071E96C05E0037C6BA /* DreamLister */ = {
			isa = PBXNativeTarget;
			buildConfigurationList = 7B19811D1E96C05F0037C6BA /* Build configuration list for PBXNativeTarget "DreamLister" */;
			buildPhases = (
				7B1981041E96C05E0037C6BA /* Sources */,
				7B1981051E96C05E0037C6BA /* Frameworks */,
				7B1981061E96C05E0037C6BA /* Resources */,
			);
			buildRules = (
			);
			dependencies = (
			);
			name = DreamLister;
			productName = DreamLister;
			productReference = 7B1981081E96C05E0037C6BA /* DreamLister.app */;
			productType = "com.apple.product-type.application";
		};
/* End PBXNativeTarget section */

/* Begin PBXProject section */
		7B1981001E96C05E0037C6BA /* Project object */ = {
			isa = PBXProject;
			attributes = {
				LastSwiftUpdateCheck = 0830;
				LastUpgradeCheck = 0830;
				ORGANIZATIONNAME = "Habibur Rahman";
				TargetAttributes = {
					7B1981071E96C05E0037C6BA = {
						CreatedOnToolsVersion = 8.3;
						DevelopmentTeam = A472P7J2T6;
						ProvisioningStyle = Automatic;
					};
				};
			};
			buildConfigurationList = 7B1981031E96C05E0037C6BA /* Build configuration list for PBXProject "DreamLister" */;
			compatibilityVersion = "Xcode 3.2";
			developmentRegion = English;
			hasScannedForEncodings = 0;
			knownRegions = (
				en,
				Base,
			);
			mainGroup = 7B1980FF1E96C05E0037C6BA;
			productRefGroup = 7B1981091E96C05E0037C6BA /* Products */;
			projectDirPath = "";
			projectRoot = "";
			targets = (
				7B1981071E96C05E0037C6BA /* DreamLister */,
			);
		};
/* End PBXProject section */

/* Begin PBXResourcesBuildPhase section */
		7B1981061E96C05E0037C6BA /* Resources */ = {
			isa = PBXResourcesBuildPhase;
			buildActionMask = 2147483647;
			files = (
				7B1981191E96C05F0037C6BA /* LaunchScreen.storyboard in Resources */,
				7B1981161E96C05F0037C6BA /* Assets.xcassets in Resources */,
				7B1981111E96C05F0037C6BA /* Main.storyboard in Resources */,
			);
			runOnlyForDeploymentPostprocessing = 0;
		};
/* End PBXResourcesBuildPhase section */

/* Begin PBXSourcesBuildPhase section */
		7B1981041E96C05E0037C6BA /* Sources */ = {
			isa = PBXSourcesBuildPhase;
			buildActionMask = 2147483647;
			files = (
				7B67A5EF1EABC959009ED0A2 /* CustomTextField.swift in Sources */,
				7B67A5ED1EABB358009ED0A2 /* ItemDetailsVC.swift in Sources */,
				7B19810E1E96C05F0037C6BA /* MainVC.swift in Sources */,
				7B19810C1E96C05F0037C6BA /* AppDelegate.swift in Sources */,
				7B1981381E96DB4C0037C6BA /* ItemCell.swift in Sources */,
				7B1981141E96C05F0037C6BA /* DreamLister.xcdatamodeld in Sources */,
				7B1981361E96D7930037C6BA /* MaterialView.swift in Sources */,
			);
			runOnlyForDeploymentPostprocessing = 0;
		};
/* End PBXSourcesBuildPhase section */

/* Begin PBXVariantGroup section */
		7B19810F1E96C05F0037C6BA /* Main.storyboard */ = {
			isa = PBXVariantGroup;
			children = (
				7B1981101E96C05F0037C6BA /* Base */,
			);
			name = Main.storyboard;
			sourceTree = "<group>";
		};
		7B1981171E96C05F0037C6BA /* LaunchScreen.storyboard */ = {
			isa = PBXVariantGroup;
			children = (
				7B1981181E96C05F0037C6BA /* Base */,
			);
			name = LaunchScreen.storyboard;
			sourceTree = "<group>";
		};
/* End PBXVariantGroup section */

/* Begin XCBuildConfiguration section */
		7B19811B1E96C05F0037C6BA /* Debug */ = {
			isa = XCBuildConfiguration;
			buildSettings = {
				ALWAYS_SEARCH_USER_PATHS = NO;
				CLANG_ANALYZER_NONNULL = YES;
				CLANG_ANALYZER_NUMBER_OBJECT_CONVERSION = YES_AGGRESSIVE;
				CLANG_CXX_LANGUAGE_STANDARD = "gnu++0x";
				CLANG_CXX_LIBRARY = "libc++";
				CLANG_ENABLE_MODULES = YES;
				CLANG_ENABLE_OBJC_ARC = YES;
				CLANG_WARN_BOOL_CONVERSION = YES;
				CLANG_WARN_CONSTANT_CONVERSION = YES;
				CLANG_WARN_DIRECT_OBJC_ISA_USAGE = YES_ERROR;
				CLANG_WARN_DOCUMENTATION_COMMENTS = YES;
				CLANG_WARN_EMPTY_BODY = YES;
				CLANG_WARN_ENUM_CONVERSION = YES;
				CLANG_WARN_INFINITE_RECURSION = YES;
				CLANG_WARN_INT_CONVERSION = YES;
				CLANG_WARN_OBJC_ROOT_CLASS = YES_ERROR;
				CLANG_WARN_SUSPICIOUS_MOVE = YES;
				CLANG_WARN_UNREACHABLE_CODE = YES;
				CLANG_WARN__DUPLICATE_METHOD_MATCH = YES;
				"CODE_SIGN_IDENTITY[sdk=iphoneos*]" = "iPhone Developer";
				COPY_PHASE_STRIP = NO;
				DEBUG_INFORMATION_FORMAT = dwarf;
				ENABLE_STRICT_OBJC_MSGSEND = YES;
				ENABLE_TESTABILITY = YES;
				GCC_C_LANGUAGE_STANDARD = gnu99;
				GCC_DYNAMIC_NO_PIC = NO;
				GCC_NO_COMMON_BLOCKS = YES;
				GCC_OPTIMIZATION_LEVEL = 0;
				GCC_PREPROCESSOR_DEFINITIONS = (
					"DEBUG=1",
					"$(inherited)",
				);
				GCC_WARN_64_TO_32_BIT_CONVERSION = YES;
				GCC_WARN_ABOUT_RETURN_TYPE = YES_ERROR;
				GCC_WARN_UNDECLARED_SELECTOR = YES;
				GCC_WARN_UNINITIALIZED_AUTOS = YES_AGGRESSIVE;
				GCC_WARN_UNUSED_FUNCTION = YES;
				GCC_WARN_UNUSED_VARIABLE = YES;
				IPHONEOS_DEPLOYMENT_TARGET = 10.3;
				MTL_ENABLE_DEBUG_INFO = YES;
				ONLY_ACTIVE_ARCH = YES;
				SDKROOT = iphoneos;
				SWIFT_ACTIVE_COMPILATION_CONDITIONS = DEBUG;
				SWIFT_OPTIMIZATION_LEVEL = "-Onone";
				TARGETED_DEVICE_FAMILY = "1,2";
			};
			name = Debug;
		};
		7B19811C1E96C05F0037C6BA /* Release */ = {
			isa = XCBuildConfiguration;
			buildSettings = {
				ALWAYS_SEARCH_USER_PATHS = NO;
				CLANG_ANALYZER_NONNULL = YES;
				CLANG_ANALYZER_NUMBER_OBJECT_CONVERSION = YES_AGGRESSIVE;
				CLANG_CXX_LANGUAGE_STANDARD = "gnu++0x";
				CLANG_CXX_LIBRARY = "libc++";
				CLANG_ENABLE_MODULES = YES;
				CLANG_ENABLE_OBJC_ARC = YES;
				CLANG_WARN_BOOL_CONVERSION = YES;
				CLANG_WARN_CONSTANT_CONVERSION = YES;
				CLANG_WARN_DIRECT_OBJC_ISA_USAGE = YES_ERROR;
				CLANG_WARN_DOCUMENTATION_COMMENTS = YES;
				CLANG_WARN_EMPTY_BODY = YES;
				CLANG_WARN_ENUM_CONVERSION = YES;
				CLANG_WARN_INFINITE_RECURSION = YES;
				CLANG_WARN_INT_CONVERSION = YES;
				CLANG_WARN_OBJC_ROOT_CLASS = YES_ERROR;
				CLANG_WARN_SUSPICIOUS_MOVE = YES;
				CLANG_WARN_UNREACHABLE_CODE = YES;
				CLANG_WARN__DUPLICATE_METHOD_MATCH = YES;
				"CODE_SIGN_IDENTITY[sdk=iphoneos*]" = "iPhone Developer";
				COPY_PHASE_STRIP = NO;
				DEBUG_INFORMATION_FORMAT = "dwarf-with-dsym";
				ENABLE_NS_ASSERTIONS = NO;
				ENABLE_STRICT_OBJC_MSGSEND = YES;
				GCC_C_LANGUAGE_STANDARD = gnu99;
				GCC_NO_COMMON_BLOCKS = YES;
				GCC_WARN_64_TO_32_BIT_CONVERSION = YES;
				GCC_WARN_ABOUT_RETURN_TYPE = YES_ERROR;
				GCC_WARN_UNDECLARED_SELECTOR = YES;
				GCC_WARN_UNINITIALIZED_AUTOS = YES_AGGRESSIVE;
				GCC_WARN_UNUSED_FUNCTION = YES;
				GCC_WARN_UNUSED_VARIABLE = YES;
				IPHONEOS_DEPLOYMENT_TARGET = 10.3;
				MTL_ENABLE_DEBUG_INFO = NO;
				SDKROOT = iphoneos;
				SWIFT_OPTIMIZATION_LEVEL = "-Owholemodule";
				TARGETED_DEVICE_FAMILY = "1,2";
				VALIDATE_PRODUCT = YES;
			};
			name = Release;
		};
		7B19811E1E96C05F0037C6BA /* Debug */ = {
			isa = XCBuildConfiguration;
			buildSettings = {
				ASSETCATALOG_COMPILER_APPICON_NAME = AppIcon;
				DEVELOPMENT_TEAM = A472P7J2T6;
				INFOPLIST_FILE = DreamLister/Info.plist;
				IPHONEOS_DEPLOYMENT_TARGET = 10.3;
				LD_RUNPATH_SEARCH_PATHS = "$(inherited) @executable_path/Frameworks";
				PRODUCT_BUNDLE_IDENTIFIER = com.habibur.DreamLister;
				PRODUCT_NAME = "$(TARGET_NAME)";
				SWIFT_VERSION = 3.0;
			};
			name = Debug;
		};
		7B19811F1E96C05F0037C6BA /* Release */ = {
			isa = XCBuildConfiguration;
			buildSettings = {
				ASSETCATALOG_COMPILER_APPICON_NAME = AppIcon;
				DEVELOPMENT_TEAM = A472P7J2T6;
				INFOPLIST_FILE = DreamLister/Info.plist;
				IPHONEOS_DEPLOYMENT_TARGET = 10.3;
				LD_RUNPATH_SEARCH_PATHS = "$(inherited) @executable_path/Frameworks";
				PRODUCT_BUNDLE_IDENTIFIER = com.habibur.DreamLister;
				PRODUCT_NAME = "$(TARGET_NAME)";
				SWIFT_VERSION = 3.0;
			};
			name = Release;
		};
/* End XCBuildConfiguration section */

/* Begin XCConfigurationList section */
		7B1981031E96C05E0037C6BA /* Build configuration list for PBXProject "DreamLister" */ = {
			isa = XCConfigurationList;
			buildConfigurations = (
				7B19811B1E96C05F0037C6BA /* Debug */,
				7B19811C1E96C05F0037C6BA /* Release */,
			);
			defaultConfigurationIsVisible = 0;
			defaultConfigurationName = Release;
		};
		7B19811D1E96C05F0037C6BA /* Build configuration list for PBXNativeTarget "DreamLister" */ = {
			isa = XCConfigurationList;
			buildConfigurations = (
				7B19811E1E96C05F0037C6BA /* Debug */,
				7B19811F1E96C05F0037C6BA /* Release */,
			);
			defaultConfigurationIsVisible = 0;
			defaultConfigurationName = Release;
		};
/* End XCConfigurationList section */

/* Begin XCVersionGroup section */
		7B1981121E96C05F0037C6BA /* DreamLister.xcdatamodeld */ = {
			isa = XCVersionGroup;
			children = (
				7B1981131E96C05F0037C6BA /* DreamLister.xcdatamodel */,
			);
			currentVersion = 7B1981131E96C05F0037C6BA /* DreamLister.xcdatamodel */;
			path = DreamLister.xcdatamodeld;
			sourceTree = "<group>";
			versionGroupType = wrapper.xcdatamodel;
		};
/* End XCVersionGroup section */
	};
	rootObject = 7B1981001E96C05E0037C6BA /* Project object */;
}
